
Microsoft Visual Studio Solution File, Format Version 12.00
# Visual Studio Version 16
VisualStudioVersion = 16.0.31624.102
MinimumVisualStudioVersion = 10.0.40219.1
Project("{FAE04EC0-301F-11D3-BF4B-00C04F79EFBC}") = "FileUploader", "FileUploader.csproj", "{DD9FE6DC-F560-411E-9396-047346E5EC40}"
EndProject
Global
	GlobalSection(SolutionConfigurationPlatforms) = preSolution
		Debug|Any CPU = Debug|Any CPU
		Release|Any CPU = Release|Any CPU
	EndGlobalSection
	GlobalSection(ProjectConfigurationPlatforms) = postSolution
		{DD9FE6DC-F560-411E-9396-047346E5EC40}.Debug|Any CPU.ActiveCfg = Debug|Any CPU
		{DD9FE6DC-F560-411E-9396-047346E5EC40}.Debug|Any CPU.Build.0 = Debug|Any CPU
		{DD9FE6DC-F560-411E-9396-047346E5EC40}.Release|Any CPU.ActiveCfg = Release|Any CPU
		{DD9FE6DC-F560-411E-9396-047346E5EC40}.Release|Any CPU.Build.0 = Release|Any CPU
	EndGlobalSection
	GlobalSection(SolutionProperties) = preSolution
		HideSolutionNode = FALSE
	EndGlobalSection
	GlobalSection(ExtensibilityGlobals) = postSolution
		SolutionGuid = {D7C747F7-6C20-4EBD-ACB5-CECE83D5D91D}
	EndGlobalSection
EndGlobal
